
Microsoft Visual Studio Solution File, Format Version 12.00
# Visual Studio Version 17
VisualStudioVersion = 17.5.33627.172
MinimumVisualStudioVersion = 10.0.40219.1
Project("{FAE04EC0-301F-11D3-BF4B-00C04F79EFBC}") = "ConstComp", "ConstComp\ConstComp.csproj", "{A25C8B7D-208A-44C0-871E-9C4B8B2B799C}"
EndProject
Global
	GlobalSection(SolutionConfigurationPlatforms) = preSolution
		Debug|Any CPU = Debug|Any CPU
		Release|Any CPU = Release|Any CPU
	EndGlobalSection
	GlobalSection(ProjectConfigurationPlatforms) = postSolution
		{A25C8B7D-208A-44C0-871E-9C4B8B2B799C}.Debug|Any CPU.ActiveCfg = Debug|Any CPU
		{A25C8B7D-208A-44C0-871E-9C4B8B2B799C}.Debug|Any CPU.Build.0 = Debug|Any CPU
		{A25C8B7D-208A-44C0-871E-9C4B8B2B799C}.Release|Any CPU.ActiveCfg = Release|Any CPU
		{A25C8B7D-208A-44C0-871E-9C4B8B2B799C}.Release|Any CPU.Build.0 = Release|Any CPU
	EndGlobalSection
	GlobalSection(SolutionProperties) = preSolution
		HideSolutionNode = FALSE
	EndGlobalSection
	GlobalSection(ExtensibilityGlobals) = postSolution
		SolutionGuid = {05526836-F346-461C-92D4-FC41AE687D42}
	EndGlobalSection
EndGlobal
